
Microsoft Visual Studio Solution File, Format Version 12.00
# Visual Studio Version 16
VisualStudioVersion = 16.0.29503.13
MinimumVisualStudioVersion = 10.0.40219.1
Project("{FAE04EC0-301F-11D3-BF4B-00C04F79EFBC}") = "LMS", "LMS\LMS.csproj", "{F31D008A-AE46-4E4C-B8D4-736AA87E3A1D}"
EndProject
Project("{FAE04EC0-301F-11D3-BF4B-00C04F79EFBC}") = "BLL", "BLL\BLL.csproj", "{41280B84-C3E9-4409-9DCF-3F2AD1CA824E}"
EndProject
Project("{FAE04EC0-301F-11D3-BF4B-00C04F79EFBC}") = "DAL", "DAL\DAL.csproj", "{39ED1528-110A-4A1D-B8BD-B43E04386650}"
EndProject
Global
	GlobalSection(SolutionConfigurationPlatforms) = preSolution
		Debug|Any CPU = Debug|Any CPU
		Release|Any CPU = Release|Any CPU
	EndGlobalSection
	GlobalSection(ProjectConfigurationPlatforms) = postSolution
		{F31D008A-AE46-4E4C-B8D4-736AA87E3A1D}.Debug|Any CPU.ActiveCfg = Debug|Any CPU
		{F31D008A-AE46-4E4C-B8D4-736AA87E3A1D}.Debug|Any CPU.Build.0 = Debug|Any CPU
		{F31D008A-AE46-4E4C-B8D4-736AA87E3A1D}.Release|Any CPU.ActiveCfg = Release|Any CPU
		{F31D008A-AE46-4E4C-B8D4-736AA87E3A1D}.Release|Any CPU.Build.0 = Release|Any CPU
		{41280B84-C3E9-4409-9DCF-3F2AD1CA824E}.Debug|Any CPU.ActiveCfg = Debug|Any CPU
		{41280B84-C3E9-4409-9DCF-3F2AD1CA824E}.Debug|Any CPU.Build.0 = Debug|Any CPU
		{41280B84-C3E9-4409-9DCF-3F2AD1CA824E}.Release|Any CPU.ActiveCfg = Release|Any CPU
		{41280B84-C3E9-4409-9DCF-3F2AD1CA824E}.Release|Any CPU.Build.0 = Release|Any CPU
		{39ED1528-110A-4A1D-B8BD-B43E04386650}.Debug|Any CPU.ActiveCfg = Debug|Any CPU
		{39ED1528-110A-4A1D-B8BD-B43E04386650}.Debug|Any CPU.Build.0 = Debug|Any CPU
		{39ED1528-110A-4A1D-B8BD-B43E04386650}.Release|Any CPU.ActiveCfg = Release|Any CPU
		{39ED1528-110A-4A1D-B8BD-B43E04386650}.Release|Any CPU.Build.0 = Release|Any CPU
	EndGlobalSection
	GlobalSection(SolutionProperties) = preSolution
		HideSolutionNode = FALSE
	EndGlobalSection
	GlobalSection(ExtensibilityGlobals) = postSolution
		SolutionGuid = {FBEC6D15-7876-4F91-9D09-E11B8703D665}
	EndGlobalSection
EndGlobal
